// !$*UTF8*$!
{
	archiveVersion = 1;
	classes = {
	};
	objectVersion = 55;
	objects = {

/* Begin PBXBuildFile section */
		7E30754E27D787CA00FC1CCA /* luciana.swift in Sources */ = {isa = PBXBuildFile; fileRef = 7E30754D27D787CA00FC1CCA /* luciana.swift */; };
		851EE69B27D7819900664A06 /* main.swift in Sources */ = {isa = PBXBuildFile; fileRef = 851EE69A27D7819900664A06 /* main.swift */; };
		85F2271927D78A0E00F2F9F2 /* valente.swift in Sources */ = {isa = PBXBuildFile; fileRef = 85F2271827D78A0E00F2F9F2 /* valente.swift */; };
		DDB7287D27D7866800771A33 /* cicero.swift in Sources */ = {isa = PBXBuildFile; fileRef = DDB7287C27D7866800771A33 /* cicero.swift */; };
/* End PBXBuildFile section */

/* Begin PBXCopyFilesBuildPhase section */
		851EE69527D7819900664A06 /* CopyFiles */ = {
			isa = PBXCopyFilesBuildPhase;
			buildActionMask = 2147483647;
			dstPath = /usr/share/man/man1/;
			dstSubfolderSpec = 0;
			files = (
			);
			runOnlyForDeploymentPostprocessing = 1;
		};
/* End PBXCopyFilesBuildPhase section */

/* Begin PBXFileReference section */
		7E30754D27D787CA00FC1CCA /* luciana.swift */ = {isa = PBXFileReference; lastKnownFileType = sourcecode.swift; path = luciana.swift; sourceTree = "<group>"; };
		851EE69727D7819900664A06 /* CBL-PROJECT */ = {isa = PBXFileReference; explicitFileType = "compiled.mach-o.executable"; includeInIndex = 0; path = "CBL-PROJECT"; sourceTree = BUILT_PRODUCTS_DIR; };
		851EE69A27D7819900664A06 /* main.swift */ = {isa = PBXFileReference; lastKnownFileType = sourcecode.swift; path = main.swift; sourceTree = "<group>"; };
		85F2271827D78A0E00F2F9F2 /* valente.swift */ = {isa = PBXFileReference; lastKnownFileType = sourcecode.swift; path = valente.swift; sourceTree = "<group>"; };
		DDB7287C27D7866800771A33 /* cicero.swift */ = {isa = PBXFileReference; lastKnownFileType = sourcecode.swift; path = cicero.swift; sourceTree = "<group>"; };
/* End PBXFileReference section */

/* Begin PBXFrameworksBuildPhase section */
		851EE69427D7819900664A06 /* Frameworks */ = {
			isa = PBXFrameworksBuildPhase;
			buildActionMask = 2147483647;
			files = (
			);
			runOnlyForDeploymentPostprocessing = 0;
		};
/* End PBXFrameworksBuildPhase section */

/* Begin PBXGroup section */
		7E30754C27D787BB00FC1CCA /* LUCIANA */ = {
			isa = PBXGroup;
			children = (
				7E30754D27D787CA00FC1CCA /* luciana.swift */,
			);
			path = LUCIANA;
			sourceTree = "<group>";
		};
		851EE68E27D7819900664A06 = {
			isa = PBXGroup;
			children = (
				DDB7287A27D7864100771A33 /* src */,
				851EE69927D7819900664A06 /* main */,
				851EE69827D7819900664A06 /* Products */,
			);
			sourceTree = "<group>";
		};
		851EE69827D7819900664A06 /* Products */ = {
			isa = PBXGroup;
			children = (
				851EE69727D7819900664A06 /* CBL-PROJECT */,
			);
			name = Products;
			sourceTree = "<group>";
		};
		851EE69927D7819900664A06 /* main */ = {
			isa = PBXGroup;
			children = (
				851EE69A27D7819900664A06 /* main.swift */,
			);
			path = main;
			sourceTree = "<group>";
		};
		85F2271727D789F800F2F9F2 /* VALENTE */ = {
			isa = PBXGroup;
			children = (
				85F2271827D78A0E00F2F9F2 /* valente.swift */,
			);
			path = VALENTE;
			sourceTree = "<group>";
		};
		DDB7287A27D7864100771A33 /* src */ = {
			isa = PBXGroup;
			children = (
				85F2271727D789F800F2F9F2 /* VALENTE */,
				7E30754C27D787BB00FC1CCA /* LUCIANA */,
				DDB7287B27D7865D00771A33 /* CICERO */,
			);
			path = src;
			sourceTree = "<group>";
		};
		DDB7287B27D7865D00771A33 /* CICERO */ = {
			isa = PBXGroup;
			children = (
				DDB7287C27D7866800771A33 /* cicero.swift */,
			);
			path = CICERO;
			sourceTree = "<group>";
		};
/* End PBXGroup section */

/* Begin PBXNativeTarget section */
		851EE69627D7819900664A06 /* CBL-PROJECT */ = {
			isa = PBXNativeTarget;
			buildConfigurationList = 851EE69E27D7819900664A06 /* Build configuration list for PBXNativeTarget "CBL-PROJECT" */;
			buildPhases = (
				851EE69327D7819900664A06 /* Sources */,
				851EE69427D7819900664A06 /* Frameworks */,
				851EE69527D7819900664A06 /* CopyFiles */,
			);
			buildRules = (
			);
			dependencies = (
			);
			name = "CBL-PROJECT";
			productName = main;
			productReference = 851EE69727D7819900664A06 /* CBL-PROJECT */;
			productType = "com.apple.product-type.tool";
		};
/* End PBXNativeTarget section */

/* Begin PBXProject section */
		851EE68F27D7819900664A06 /* Project object */ = {
			isa = PBXProject;
			attributes = {
				BuildIndependentTargetsInParallel = 1;
				LastSwiftUpdateCheck = 1320;
				LastUpgradeCheck = 1320;
				TargetAttributes = {
					851EE69627D7819900664A06 = {
						CreatedOnToolsVersion = 13.2.1;
					};
				};
			};
			buildConfigurationList = 851EE69227D7819900664A06 /* Build configuration list for PBXProject "CBL-PROJECT" */;
			compatibilityVersion = "Xcode 13.0";
			developmentRegion = en;
			hasScannedForEncodings = 0;
			knownRegions = (
				en,
				Base,
			);
			mainGroup = 851EE68E27D7819900664A06;
			productRefGroup = 851EE69827D7819900664A06 /* Products */;
			projectDirPath = "";
			projectRoot = "";
			targets = (
				851EE69627D7819900664A06 /* CBL-PROJECT */,
			);
		};
/* End PBXProject section */

/* Begin PBXSourcesBuildPhase section */
		851EE69327D7819900664A06 /* Sources */ = {
			isa = PBXSourcesBuildPhase;
			buildActionMask = 2147483647;
			files = (
				DDB7287D27D7866800771A33 /* cicero.swift in Sources */,
				7E30754E27D787CA00FC1CCA /* luciana.swift in Sources */,
				851EE69B27D7819900664A06 /* main.swift in Sources */,
				85F2271927D78A0E00F2F9F2 /* valente.swift in Sources */,
			);
			runOnlyForDeploymentPostprocessing = 0;
		};
/* End PBXSourcesBuildPhase section */

/* Begin XCBuildConfiguration section */
		851EE69C27D7819900664A06 /* Debug */ = {
			isa = XCBuildConfiguration;
			buildSettings = {
				ALWAYS_SEARCH_USER_PATHS = NO;
				CLANG_ANALYZER_NONNULL = YES;
				CLANG_ANALYZER_NUMBER_OBJECT_CONVERSION = YES_AGGRESSIVE;
				CLANG_CXX_LANGUAGE_STANDARD = "gnu++17";
				CLANG_CXX_LIBRARY = "libc++";
				CLANG_ENABLE_MODULES = YES;
				CLANG_ENABLE_OBJC_ARC = YES;
				CLANG_ENABLE_OBJC_WEAK = YES;
				CLANG_WARN_BLOCK_CAPTURE_AUTORELEASING = YES;
				CLANG_WARN_BOOL_CONVERSION = YES;
				CLANG_WARN_COMMA = YES;
				CLANG_WARN_CONSTANT_CONVERSION = YES;
				CLANG_WARN_DEPRECATED_OBJC_IMPLEMENTATIONS = YES;
				CLANG_WARN_DIRECT_OBJC_ISA_USAGE = YES_ERROR;
				CLANG_WARN_DOCUMENTATION_COMMENTS = YES;
				CLANG_WARN_EMPTY_BODY = YES;
				CLANG_WARN_ENUM_CONVERSION = YES;
				CLANG_WARN_INFINITE_RECURSION = YES;
				CLANG_WARN_INT_CONVERSION = YES;
				CLANG_WARN_NON_LITERAL_NULL_CONVERSION = YES;
				CLANG_WARN_OBJC_IMPLICIT_RETAIN_SELF = YES;
				CLANG_WARN_OBJC_LITERAL_CONVERSION = YES;
				CLANG_WARN_OBJC_ROOT_CLASS = YES_ERROR;
				CLANG_WARN_QUOTED_INCLUDE_IN_FRAMEWORK_HEADER = YES;
				CLANG_WARN_RANGE_LOOP_ANALYSIS = YES;
				CLANG_WARN_STRICT_PROTOTYPES = YES;
				CLANG_WARN_SUSPICIOUS_MOVE = YES;
				CLANG_WARN_UNGUARDED_AVAILABILITY = YES_AGGRESSIVE;
				CLANG_WARN_UNREACHABLE_CODE = YES;
				CLANG_WARN__DUPLICATE_METHOD_MATCH = YES;
				COPY_PHASE_STRIP = NO;
				DEBUG_INFORMATION_FORMAT = dwarf;
				ENABLE_STRICT_OBJC_MSGSEND = YES;
				ENABLE_TESTABILITY = YES;
				GCC_C_LANGUAGE_STANDARD = gnu11;
				GCC_DYNAMIC_NO_PIC = NO;
				GCC_NO_COMMON_BLOCKS = YES;
				GCC_OPTIMIZATION_LEVEL = 0;
				GCC_PREPROCESSOR_DEFINITIONS = (
					"DEBUG=1",
					"$(inherited)",
				);
				GCC_WARN_64_TO_32_BIT_CONVERSION = YES;
				GCC_WARN_ABOUT_RETURN_TYPE = YES_ERROR;
				GCC_WARN_UNDECLARED_SELECTOR = YES;
				GCC_WARN_UNINITIALIZED_AUTOS = YES_AGGRESSIVE;
				GCC_WARN_UNUSED_FUNCTION = YES;
				GCC_WARN_UNUSED_VARIABLE = YES;
				MACOSX_DEPLOYMENT_TARGET = 12.1;
				MTL_ENABLE_DEBUG_INFO = INCLUDE_SOURCE;
				MTL_FAST_MATH = YES;
				ONLY_ACTIVE_ARCH = YES;
				SDKROOT = macosx;
				SWIFT_ACTIVE_COMPILATION_CONDITIONS = DEBUG;
				SWIFT_OPTIMIZATION_LEVEL = "-Onone";
			};
			name = Debug;
		};
		851EE69D27D7819900664A06 /* Release */ = {
			isa = XCBuildConfiguration;
			buildSettings = {
				ALWAYS_SEARCH_USER_PATHS = NO;
				CLANG_ANALYZER_NONNULL = YES;
				CLANG_ANALYZER_NUMBER_OBJECT_CONVERSION = YES_AGGRESSIVE;
				CLANG_CXX_LANGUAGE_STANDARD = "gnu++17";
				CLANG_CXX_LIBRARY = "libc++";
				CLANG_ENABLE_MODULES = YES;
				CLANG_ENABLE_OBJC_ARC = YES;
				CLANG_ENABLE_OBJC_WEAK = YES;
				CLANG_WARN_BLOCK_CAPTURE_AUTORELEASING = YES;
				CLANG_WARN_BOOL_CONVERSION = YES;
				CLANG_WARN_COMMA = YES;
				CLANG_WARN_CONSTANT_CONVERSION = YES;
				CLANG_WARN_DEPRECATED_OBJC_IMPLEMENTATIONS = YES;
				CLANG_WARN_DIRECT_OBJC_ISA_USAGE = YES_ERROR;
				CLANG_WARN_DOCUMENTATION_COMMENTS = YES;
				CLANG_WARN_EMPTY_BODY = YES;
				CLANG_WARN_ENUM_CONVERSION = YES;
				CLANG_WARN_INFINITE_RECURSION = YES;
				CLANG_WARN_INT_CONVERSION = YES;
				CLANG_WARN_NON_LITERAL_NULL_CONVERSION = YES;
				CLANG_WARN_OBJC_IMPLICIT_RETAIN_SELF = YES;
				CLANG_WARN_OBJC_LITERAL_CONVERSION = YES;
				CLANG_WARN_OBJC_ROOT_CLASS = YES_ERROR;
				CLANG_WARN_QUOTED_INCLUDE_IN_FRAMEWORK_HEADER = YES;
				CLANG_WARN_RANGE_LOOP_ANALYSIS = YES;
				CLANG_WARN_STRICT_PROTOTYPES = YES;
				CLANG_WARN_SUSPICIOUS_MOVE = YES;
				CLANG_WARN_UNGUARDED_AVAILABILITY = YES_AGGRESSIVE;
				CLANG_WARN_UNREACHABLE_CODE = YES;
				CLANG_WARN__DUPLICATE_METHOD_MATCH = YES;
				COPY_PHASE_STRIP = NO;
				DEBUG_INFORMATION_FORMAT = "dwarf-with-dsym";
				ENABLE_NS_ASSERTIONS = NO;
				ENABLE_STRICT_OBJC_MSGSEND = YES;
				GCC_C_LANGUAGE_STANDARD = gnu11;
				GCC_NO_COMMON_BLOCKS = YES;
				GCC_WARN_64_TO_32_BIT_CONVERSION = YES;
				GCC_WARN_ABOUT_RETURN_TYPE = YES_ERROR;
				GCC_WARN_UNDECLARED_SELECTOR = YES;
				GCC_WARN_UNINITIALIZED_AUTOS = YES_AGGRESSIVE;
				GCC_WARN_UNUSED_FUNCTION = YES;
				GCC_WARN_UNUSED_VARIABLE = YES;
				MACOSX_DEPLOYMENT_TARGET = 12.1;
				MTL_ENABLE_DEBUG_INFO = NO;
				MTL_FAST_MATH = YES;
				SDKROOT = macosx;
				SWIFT_COMPILATION_MODE = wholemodule;
				SWIFT_OPTIMIZATION_LEVEL = "-O";
			};
			name = Release;
		};
		851EE69F27D7819900664A06 /* Debug */ = {
			isa = XCBuildConfiguration;
			buildSettings = {
				CODE_SIGN_STYLE = Automatic;
				PRODUCT_NAME = "$(TARGET_NAME)";
				SWIFT_VERSION = 5.0;
			};
			name = Debug;
		};
		851EE6A027D7819900664A06 /* Release */ = {
			isa = XCBuildConfiguration;
			buildSettings = {
				CODE_SIGN_STYLE = Automatic;
				PRODUCT_NAME = "$(TARGET_NAME)";
				SWIFT_VERSION = 5.0;
			};
			name = Release;
		};
/* End XCBuildConfiguration section */

/* Begin XCConfigurationList section */
		851EE69227D7819900664A06 /* Build configuration list for PBXProject "CBL-PROJECT" */ = {
			isa = XCConfigurationList;
			buildConfigurations = (
				851EE69C27D7819900664A06 /* Debug */,
				851EE69D27D7819900664A06 /* Release */,
			);
			defaultConfigurationIsVisible = 0;
			defaultConfigurationName = Release;
		};
		851EE69E27D7819900664A06 /* Build configuration list for PBXNativeTarget "CBL-PROJECT" */ = {
			isa = XCConfigurationList;
			buildConfigurations = (
				851EE69F27D7819900664A06 /* Debug */,
				851EE6A027D7819900664A06 /* Release */,
			);
			defaultConfigurationIsVisible = 0;
			defaultConfigurationName = Release;
		};
/* End XCConfigurationList section */
	};
	rootObject = 851EE68F27D7819900664A06 /* Project object */;
}
