{
  "object": {
    "pins": [
      {
        "package": "SwiftSoup",
        "repositoryURL": "https://github.com/scinfu/SwiftSoup.git",
        "state": {
          "branch": null,
          "revision": "11da8c685ddde2d519fad04a7daf8485bbbc773e",
          "version": "1.7.5"
        }
      },
      {
        "package": "conversor",
        "repositoryURL": "https://github.com/lvasantos/taxCalc.git",
        "state": {
          "branch": "main",
          "revision": "606666bc8cc6d847963a7bdbe8358d0d17e2fe2a",
          "version": null
        }
      }
    ]
  },
  "version": 1
}
